// !$*UTF8*$!
{
	archiveVersion = 1;
	classes = {
	};
	objectVersion = 46;
	objects = {

/* Begin PBXBuildFile section */
		E59D8E5D1AA8C9CE004AB2D5 /* AppDelegate.swift in Sources */ = {isa = PBXBuildFile; fileRef = E59D8E5C1AA8C9CE004AB2D5 /* AppDelegate.swift */; };
		E59D8E5F1AA8C9CE004AB2D5 /* ViewController.swift in Sources */ = {isa = PBXBuildFile; fileRef = E59D8E5E1AA8C9CE004AB2D5 /* ViewController.swift */; };
		E59D8E621AA8C9CE004AB2D5 /* Main.storyboard in Resources */ = {isa = PBXBuildFile; fileRef = E59D8E601AA8C9CE004AB2D5 /* Main.storyboard */; };
		E59D8E641AA8C9CE004AB2D5 /* Images.xcassets in Resources */ = {isa = PBXBuildFile; fileRef = E59D8E631AA8C9CE004AB2D5 /* Images.xcassets */; };
		E59D8E671AA8C9CE004AB2D5 /* LaunchScreen.xib in Resources */ = {isa = PBXBuildFile; fileRef = E59D8E651AA8C9CE004AB2D5 /* LaunchScreen.xib */; };
		E59D8E731AA8C9CE004AB2D5 /* ios_spring15_bopitTests.swift in Sources */ = {isa = PBXBuildFile; fileRef = E59D8E721AA8C9CE004AB2D5 /* ios_spring15_bopitTests.swift */; };
		E5E001481AD202E80053523B /* MainScreenController.swift in Sources */ = {isa = PBXBuildFile; fileRef = E5E001471AD202E80053523B /* MainScreenController.swift */; };
		E5E0014A1AD2061E0053523B /* HighScoresViewController.swift in Sources */ = {isa = PBXBuildFile; fileRef = E5E001491AD2061E0053523B /* HighScoresViewController.swift */; };
		FA32FAA81AD61ECD00B77624 /* gameClass.swift in Sources */ = {isa = PBXBuildFile; fileRef = FA32FAA71AD61ECD00B77624 /* gameClass.swift */; };
		FAEB923C1AE4988600953B85 /* buttonPressed.mp3 in Resources */ = {isa = PBXBuildFile; fileRef = FAEB923B1AE4988600953B85 /* buttonPressed.mp3 */; };
		FAEB923E1AE49B0300953B85 /* swiped.wav in Resources */ = {isa = PBXBuildFile; fileRef = FAEB923D1AE49B0300953B85 /* swiped.wav */; };
/* End PBXBuildFile section */

/* Begin PBXContainerItemProxy section */
		E59D8E6D1AA8C9CE004AB2D5 /* PBXContainerItemProxy */ = {
			isa = PBXContainerItemProxy;
			containerPortal = E59D8E4F1AA8C9CD004AB2D5 /* Project object */;
			proxyType = 1;
			remoteGlobalIDString = E59D8E561AA8C9CE004AB2D5;
			remoteInfo = "ios-spring15-bopit";
		};
/* End PBXContainerItemProxy section */

/* Begin PBXFileReference section */
		E59D8E571AA8C9CE004AB2D5 /* ios-spring15-bopit.app */ = {isa = PBXFileReference; explicitFileType = wrapper.application; includeInIndex = 0; path = "ios-spring15-bopit.app"; sourceTree = BUILT_PRODUCTS_DIR; };
		E59D8E5B1AA8C9CE004AB2D5 /* Info.plist */ = {isa = PBXFileReference; lastKnownFileType = text.plist.xml; path = Info.plist; sourceTree = "<group>"; };
		E59D8E5C1AA8C9CE004AB2D5 /* AppDelegate.swift */ = {isa = PBXFileReference; lastKnownFileType = sourcecode.swift; path = AppDelegate.swift; sourceTree = "<group>"; };
		E59D8E5E1AA8C9CE004AB2D5 /* ViewController.swift */ = {isa = PBXFileReference; lastKnownFileType = sourcecode.swift; path = ViewController.swift; sourceTree = "<group>"; };
		E59D8E611AA8C9CE004AB2D5 /* Base */ = {isa = PBXFileReference; lastKnownFileType = file.storyboard; name = Base; path = Base.lproj/Main.storyboard; sourceTree = "<group>"; };
		E59D8E631AA8C9CE004AB2D5 /* Images.xcassets */ = {isa = PBXFileReference; lastKnownFileType = folder.assetcatalog; path = Images.xcassets; sourceTree = "<group>"; };
		E59D8E661AA8C9CE004AB2D5 /* Base */ = {isa = PBXFileReference; lastKnownFileType = file.xib; name = Base; path = Base.lproj/LaunchScreen.xib; sourceTree = "<group>"; };
		E59D8E6C1AA8C9CE004AB2D5 /* ios-spring15-bopitTests.xctest */ = {isa = PBXFileReference; explicitFileType = wrapper.cfbundle; includeInIndex = 0; path = "ios-spring15-bopitTests.xctest"; sourceTree = BUILT_PRODUCTS_DIR; };
		E59D8E711AA8C9CE004AB2D5 /* Info.plist */ = {isa = PBXFileReference; lastKnownFileType = text.plist.xml; path = Info.plist; sourceTree = "<group>"; };
		E59D8E721AA8C9CE004AB2D5 /* ios_spring15_bopitTests.swift */ = {isa = PBXFileReference; lastKnownFileType = sourcecode.swift; path = ios_spring15_bopitTests.swift; sourceTree = "<group>"; };
		E5E001471AD202E80053523B /* MainScreenController.swift */ = {isa = PBXFileReference; fileEncoding = 4; lastKnownFileType = sourcecode.swift; path = MainScreenController.swift; sourceTree = "<group>"; };
		E5E001491AD2061E0053523B /* HighScoresViewController.swift */ = {isa = PBXFileReference; fileEncoding = 4; lastKnownFileType = sourcecode.swift; path = HighScoresViewController.swift; sourceTree = "<group>"; };
		FA32FAA71AD61ECD00B77624 /* gameClass.swift */ = {isa = PBXFileReference; fileEncoding = 4; lastKnownFileType = sourcecode.swift; path = gameClass.swift; sourceTree = "<group>"; };
		FAEB923B1AE4988600953B85 /* buttonPressed.mp3 */ = {isa = PBXFileReference; lastKnownFileType = audio.mp3; path = buttonPressed.mp3; sourceTree = "<group>"; };
		FAEB923D1AE49B0300953B85 /* swiped.wav */ = {isa = PBXFileReference; lastKnownFileType = audio.wav; name = swiped.wav; path = ../../Downloads/swiped.wav; sourceTree = "<group>"; };
/* End PBXFileReference section */

/* Begin PBXFrameworksBuildPhase section */
		E59D8E541AA8C9CE004AB2D5 /* Frameworks */ = {
			isa = PBXFrameworksBuildPhase;
			buildActionMask = 2147483647;
			files = (
			);
			runOnlyForDeploymentPostprocessing = 0;
		};
		E59D8E691AA8C9CE004AB2D5 /* Frameworks */ = {
			isa = PBXFrameworksBuildPhase;
			buildActionMask = 2147483647;
			files = (
			);
			runOnlyForDeploymentPostprocessing = 0;
		};
/* End PBXFrameworksBuildPhase section */

/* Begin PBXGroup section */
		E59D8E4E1AA8C9CD004AB2D5 = {
			isa = PBXGroup;
			children = (
				E59D8E591AA8C9CE004AB2D5 /* ios-spring15-bopit */,
				E59D8E6F1AA8C9CE004AB2D5 /* ios-spring15-bopitTests */,
				E59D8E581AA8C9CE004AB2D5 /* Products */,
			);
			sourceTree = "<group>";
		};
		E59D8E581AA8C9CE004AB2D5 /* Products */ = {
			isa = PBXGroup;
			children = (
				E59D8E571AA8C9CE004AB2D5 /* ios-spring15-bopit.app */,
				E59D8E6C1AA8C9CE004AB2D5 /* ios-spring15-bopitTests.xctest */,
			);
			name = Products;
			sourceTree = "<group>";
		};
		E59D8E591AA8C9CE004AB2D5 /* ios-spring15-bopit */ = {
			isa = PBXGroup;
			children = (
				E59D8E5C1AA8C9CE004AB2D5 /* AppDelegate.swift */,
				E59D8E5E1AA8C9CE004AB2D5 /* ViewController.swift */,
				FA32FAA71AD61ECD00B77624 /* gameClass.swift */,
				E59D8E601AA8C9CE004AB2D5 /* Main.storyboard */,
				E5E001491AD2061E0053523B /* HighScoresViewController.swift */,
				E59D8E631AA8C9CE004AB2D5 /* Images.xcassets */,
				E5E001471AD202E80053523B /* MainScreenController.swift */,
				E59D8E651AA8C9CE004AB2D5 /* LaunchScreen.xib */,
				E59D8E5A1AA8C9CE004AB2D5 /* Supporting Files */,
			);
			path = "ios-spring15-bopit";
			sourceTree = "<group>";
		};
		E59D8E5A1AA8C9CE004AB2D5 /* Supporting Files */ = {
			isa = PBXGroup;
			children = (
				FAEB923D1AE49B0300953B85 /* swiped.wav */,
				FAEB923B1AE4988600953B85 /* buttonPressed.mp3 */,
				E59D8E5B1AA8C9CE004AB2D5 /* Info.plist */,
			);
			name = "Supporting Files";
			sourceTree = "<group>";
		};
		E59D8E6F1AA8C9CE004AB2D5 /* ios-spring15-bopitTests */ = {
			isa = PBXGroup;
			children = (
				E59D8E721AA8C9CE004AB2D5 /* ios_spring15_bopitTests.swift */,
				E59D8E701AA8C9CE004AB2D5 /* Supporting Files */,
			);
			path = "ios-spring15-bopitTests";
			sourceTree = "<group>";
		};
		E59D8E701AA8C9CE004AB2D5 /* Supporting Files */ = {
			isa = PBXGroup;
			children = (
				E59D8E711AA8C9CE004AB2D5 /* Info.plist */,
			);
			name = "Supporting Files";
			sourceTree = "<group>";
		};
/* End PBXGroup section */

/* Begin PBXNativeTarget section */
		E59D8E561AA8C9CE004AB2D5 /* ios-spring15-bopit */ = {
			isa = PBXNativeTarget;
			buildConfigurationList = E59D8E761AA8C9CE004AB2D5 /* Build configuration list for PBXNativeTarget "ios-spring15-bopit" */;
			buildPhases = (
				E59D8E531AA8C9CE004AB2D5 /* Sources */,
				E59D8E541AA8C9CE004AB2D5 /* Frameworks */,
				E59D8E551AA8C9CE004AB2D5 /* Resources */,
			);
			buildRules = (
			);
			dependencies = (
			);
			name = "ios-spring15-bopit";
			productName = "ios-spring15-bopit";
			productReference = E59D8E571AA8C9CE004AB2D5 /* ios-spring15-bopit.app */;
			productType = "com.apple.product-type.application";
		};
		E59D8E6B1AA8C9CE004AB2D5 /* ios-spring15-bopitTests */ = {
			isa = PBXNativeTarget;
			buildConfigurationList = E59D8E791AA8C9CE004AB2D5 /* Build configuration list for PBXNativeTarget "ios-spring15-bopitTests" */;
			buildPhases = (
				E59D8E681AA8C9CE004AB2D5 /* Sources */,
				E59D8E691AA8C9CE004AB2D5 /* Frameworks */,
				E59D8E6A1AA8C9CE004AB2D5 /* Resources */,
			);
			buildRules = (
			);
			dependencies = (
				E59D8E6E1AA8C9CE004AB2D5 /* PBXTargetDependency */,
			);
			name = "ios-spring15-bopitTests";
			productName = "ios-spring15-bopitTests";
			productReference = E59D8E6C1AA8C9CE004AB2D5 /* ios-spring15-bopitTests.xctest */;
			productType = "com.apple.product-type.bundle.unit-test";
		};
/* End PBXNativeTarget section */

/* Begin PBXProject section */
		E59D8E4F1AA8C9CD004AB2D5 /* Project object */ = {
			isa = PBXProject;
			attributes = {
				LastUpgradeCheck = 0610;
				ORGANIZATIONNAME = "Ethan Eldred";
				TargetAttributes = {
					E59D8E561AA8C9CE004AB2D5 = {
						CreatedOnToolsVersion = 6.1.1;
					};
					E59D8E6B1AA8C9CE004AB2D5 = {
						CreatedOnToolsVersion = 6.1.1;
						TestTargetID = E59D8E561AA8C9CE004AB2D5;
					};
				};
			};
			buildConfigurationList = E59D8E521AA8C9CD004AB2D5 /* Build configuration list for PBXProject "ios-spring15-bopit" */;
			compatibilityVersion = "Xcode 3.2";
			developmentRegion = English;
			hasScannedForEncodings = 0;
			knownRegions = (
				en,
				Base,
			);
			mainGroup = E59D8E4E1AA8C9CD004AB2D5;
			productRefGroup = E59D8E581AA8C9CE004AB2D5 /* Products */;
			projectDirPath = "";
			projectRoot = "";
			targets = (
				E59D8E561AA8C9CE004AB2D5 /* ios-spring15-bopit */,
				E59D8E6B1AA8C9CE004AB2D5 /* ios-spring15-bopitTests */,
			);
		};
/* End PBXProject section */

/* Begin PBXResourcesBuildPhase section */
		E59D8E551AA8C9CE004AB2D5 /* Resources */ = {
			isa = PBXResourcesBuildPhase;
			buildActionMask = 2147483647;
			files = (
				FAEB923E1AE49B0300953B85 /* swiped.wav in Resources */,
				E59D8E621AA8C9CE004AB2D5 /* Main.storyboard in Resources */,
				FAEB923C1AE4988600953B85 /* buttonPressed.mp3 in Resources */,
				E59D8E671AA8C9CE004AB2D5 /* LaunchScreen.xib in Resources */,
				E59D8E641AA8C9CE004AB2D5 /* Images.xcassets in Resources */,
			);
			runOnlyForDeploymentPostprocessing = 0;
		};
		E59D8E6A1AA8C9CE004AB2D5 /* Resources */ = {
			isa = PBXResourcesBuildPhase;
			buildActionMask = 2147483647;
			files = (
			);
			runOnlyForDeploymentPostprocessing = 0;
		};
/* End PBXResourcesBuildPhase section */

/* Begin PBXSourcesBuildPhase section */
		E59D8E531AA8C9CE004AB2D5 /* Sources */ = {
			isa = PBXSourcesBuildPhase;
			buildActionMask = 2147483647;
			files = (
				E59D8E5F1AA8C9CE004AB2D5 /* ViewController.swift in Sources */,
				FA32FAA81AD61ECD00B77624 /* gameClass.swift in Sources */,
				E59D8E5D1AA8C9CE004AB2D5 /* AppDelegate.swift in Sources */,
				E5E001481AD202E80053523B /* MainScreenController.swift in Sources */,
				E5E0014A1AD2061E0053523B /* HighScoresViewController.swift in Sources */,
			);
			runOnlyForDeploymentPostprocessing = 0;
		};
		E59D8E681AA8C9CE004AB2D5 /* Sources */ = {
			isa = PBXSourcesBuildPhase;
			buildActionMask = 2147483647;
			files = (
				E59D8E731AA8C9CE004AB2D5 /* ios_spring15_bopitTests.swift in Sources */,
			);
			runOnlyForDeploymentPostprocessing = 0;
		};
/* End PBXSourcesBuildPhase section */

/* Begin PBXTargetDependency section */
		E59D8E6E1AA8C9CE004AB2D5 /* PBXTargetDependency */ = {
			isa = PBXTargetDependency;
			target = E59D8E561AA8C9CE004AB2D5 /* ios-spring15-bopit */;
			targetProxy = E59D8E6D1AA8C9CE004AB2D5 /* PBXContainerItemProxy */;
		};
/* End PBXTargetDependency section */

/* Begin PBXVariantGroup section */
		E59D8E601AA8C9CE004AB2D5 /* Main.storyboard */ = {
			isa = PBXVariantGroup;
			children = (
				E59D8E611AA8C9CE004AB2D5 /* Base */,
			);
			name = Main.storyboard;
			sourceTree = "<group>";
		};
		E59D8E651AA8C9CE004AB2D5 /* LaunchScreen.xib */ = {
			isa = PBXVariantGroup;
			children = (
				E59D8E661AA8C9CE004AB2D5 /* Base */,
			);
			name = LaunchScreen.xib;
			sourceTree = "<group>";
		};
/* End PBXVariantGroup section */

/* Begin XCBuildConfiguration section */
		E59D8E741AA8C9CE004AB2D5 /* Debug */ = {
			isa = XCBuildConfiguration;
			buildSettings = {
				ALWAYS_SEARCH_USER_PATHS = NO;
				CLANG_CXX_LANGUAGE_STANDARD = "gnu++0x";
				CLANG_CXX_LIBRARY = "libc++";
				CLANG_ENABLE_MODULES = YES;
				CLANG_ENABLE_OBJC_ARC = YES;
				CLANG_WARN_BOOL_CONVERSION = YES;
				CLANG_WARN_CONSTANT_CONVERSION = YES;
				CLANG_WARN_DIRECT_OBJC_ISA_USAGE = YES_ERROR;
				CLANG_WARN_EMPTY_BODY = YES;
				CLANG_WARN_ENUM_CONVERSION = YES;
				CLANG_WARN_INT_CONVERSION = YES;
				CLANG_WARN_OBJC_ROOT_CLASS = YES_ERROR;
				CLANG_WARN_UNREACHABLE_CODE = YES;
				CLANG_WARN__DUPLICATE_METHOD_MATCH = YES;
				"CODE_SIGN_IDENTITY[sdk=iphoneos*]" = "iPhone Developer";
				COPY_PHASE_STRIP = NO;
				ENABLE_STRICT_OBJC_MSGSEND = YES;
				GCC_C_LANGUAGE_STANDARD = gnu99;
				GCC_DYNAMIC_NO_PIC = NO;
				GCC_OPTIMIZATION_LEVEL = 0;
				GCC_PREPROCESSOR_DEFINITIONS = (
					"DEBUG=1",
					"$(inherited)",
				);
				GCC_SYMBOLS_PRIVATE_EXTERN = NO;
				GCC_WARN_64_TO_32_BIT_CONVERSION = YES;
				GCC_WARN_ABOUT_RETURN_TYPE = YES_ERROR;
				GCC_WARN_UNDECLARED_SELECTOR = YES;
				GCC_WARN_UNINITIALIZED_AUTOS = YES_AGGRESSIVE;
				GCC_WARN_UNUSED_FUNCTION = YES;
				GCC_WARN_UNUSED_VARIABLE = YES;
				IPHONEOS_DEPLOYMENT_TARGET = 8.1;
				MTL_ENABLE_DEBUG_INFO = YES;
				ONLY_ACTIVE_ARCH = YES;
				SDKROOT = iphoneos;
				SWIFT_OPTIMIZATION_LEVEL = "-Onone";
			};
			name = Debug;
		};
		E59D8E751AA8C9CE004AB2D5 /* Release */ = {
			isa = XCBuildConfiguration;
			buildSettings = {
				ALWAYS_SEARCH_USER_PATHS = NO;
				CLANG_CXX_LANGUAGE_STANDARD = "gnu++0x";
				CLANG_CXX_LIBRARY = "libc++";
				CLANG_ENABLE_MODULES = YES;
				CLANG_ENABLE_OBJC_ARC = YES;
				CLANG_WARN_BOOL_CONVERSION = YES;
				CLANG_WARN_CONSTANT_CONVERSION = YES;
				CLANG_WARN_DIRECT_OBJC_ISA_USAGE = YES_ERROR;
				CLANG_WARN_EMPTY_BODY = YES;
				CLANG_WARN_ENUM_CONVERSION = YES;
				CLANG_WARN_INT_CONVERSION = YES;
				CLANG_WARN_OBJC_ROOT_CLASS = YES_ERROR;
				CLANG_WARN_UNREACHABLE_CODE = YES;
				CLANG_WARN__DUPLICATE_METHOD_MATCH = YES;
				"CODE_SIGN_IDENTITY[sdk=iphoneos*]" = "iPhone Developer";
				COPY_PHASE_STRIP = YES;
				ENABLE_NS_ASSERTIONS = NO;
				ENABLE_STRICT_OBJC_MSGSEND = YES;
				GCC_C_LANGUAGE_STANDARD = gnu99;
				GCC_WARN_64_TO_32_BIT_CONVERSION = YES;
				GCC_WARN_ABOUT_RETURN_TYPE = YES_ERROR;
				GCC_WARN_UNDECLARED_SELECTOR = YES;
				GCC_WARN_UNINITIALIZED_AUTOS = YES_AGGRESSIVE;
				GCC_WARN_UNUSED_FUNCTION = YES;
				GCC_WARN_UNUSED_VARIABLE = YES;
				IPHONEOS_DEPLOYMENT_TARGET = 8.1;
				MTL_ENABLE_DEBUG_INFO = NO;
				SDKROOT = iphoneos;
				VALIDATE_PRODUCT = YES;
			};
			name = Release;
		};
		E59D8E771AA8C9CE004AB2D5 /* Debug */ = {
			isa = XCBuildConfiguration;
			buildSettings = {
				ASSETCATALOG_COMPILER_APPICON_NAME = AppIcon;
				INFOPLIST_FILE = "ios-spring15-bopit/Info.plist";
				LD_RUNPATH_SEARCH_PATHS = "$(inherited) @executable_path/Frameworks";
				PRODUCT_NAME = "$(TARGET_NAME)";
			};
			name = Debug;
		};
		E59D8E781AA8C9CE004AB2D5 /* Release */ = {
			isa = XCBuildConfiguration;
			buildSettings = {
				ASSETCATALOG_COMPILER_APPICON_NAME = AppIcon;
				INFOPLIST_FILE = "ios-spring15-bopit/Info.plist";
				LD_RUNPATH_SEARCH_PATHS = "$(inherited) @executable_path/Frameworks";
				PRODUCT_NAME = "$(TARGET_NAME)";
			};
			name = Release;
		};
		E59D8E7A1AA8C9CE004AB2D5 /* Debug */ = {
			isa = XCBuildConfiguration;
			buildSettings = {
				BUNDLE_LOADER = "$(TEST_HOST)";
				FRAMEWORK_SEARCH_PATHS = (
					"$(SDKROOT)/Developer/Library/Frameworks",
					"$(inherited)",
				);
				GCC_PREPROCESSOR_DEFINITIONS = (
					"DEBUG=1",
					"$(inherited)",
				);
				INFOPLIST_FILE = "ios-spring15-bopitTests/Info.plist";
				LD_RUNPATH_SEARCH_PATHS = "$(inherited) @executable_path/Frameworks @loader_path/Frameworks";
				PRODUCT_NAME = "$(TARGET_NAME)";
				TEST_HOST = "$(BUILT_PRODUCTS_DIR)/ios-spring15-bopit.app/ios-spring15-bopit";
			};
			name = Debug;
		};
		E59D8E7B1AA8C9CE004AB2D5 /* Release */ = {
			isa = XCBuildConfiguration;
			buildSettings = {
				BUNDLE_LOADER = "$(TEST_HOST)";
				FRAMEWORK_SEARCH_PATHS = (
					"$(SDKROOT)/Developer/Library/Frameworks",
					"$(inherited)",
				);
				INFOPLIST_FILE = "ios-spring15-bopitTests/Info.plist";
				LD_RUNPATH_SEARCH_PATHS = "$(inherited) @executable_path/Frameworks @loader_path/Frameworks";
				PRODUCT_NAME = "$(TARGET_NAME)";
				TEST_HOST = "$(BUILT_PRODUCTS_DIR)/ios-spring15-bopit.app/ios-spring15-bopit";
			};
			name = Release;
		};
/* End XCBuildConfiguration section */

/* Begin XCConfigurationList section */
		E59D8E521AA8C9CD004AB2D5 /* Build configuration list for PBXProject "ios-spring15-bopit" */ = {
			isa = XCConfigurationList;
			buildConfigurations = (
				E59D8E741AA8C9CE004AB2D5 /* Debug */,
				E59D8E751AA8C9CE004AB2D5 /* Release */,
			);
			defaultConfigurationIsVisible = 0;
			defaultConfigurationName = Release;
		};
		E59D8E761AA8C9CE004AB2D5 /* Build configuration list for PBXNativeTarget "ios-spring15-bopit" */ = {
			isa = XCConfigurationList;
			buildConfigurations = (
				E59D8E771AA8C9CE004AB2D5 /* Debug */,
				E59D8E781AA8C9CE004AB2D5 /* Release */,
			);
			defaultConfigurationIsVisible = 0;
			defaultConfigurationName = Release;
		};
		E59D8E791AA8C9CE004AB2D5 /* Build configuration list for PBXNativeTarget "ios-spring15-bopitTests" */ = {
			isa = XCConfigurationList;
			buildConfigurations = (
				E59D8E7A1AA8C9CE004AB2D5 /* Debug */,
				E59D8E7B1AA8C9CE004AB2D5 /* Release */,
			);
			defaultConfigurationIsVisible = 0;
			defaultConfigurationName = Release;
		};
/* End XCConfigurationList section */
	};
	rootObject = E59D8E4F1AA8C9CD004AB2D5 /* Project object */;
}
